Microsoft Visual Studio Solution File, Format Version 11.00
# Visual Studio 2010
Project("{8BC9CEB8-8B4A-11D0-8D11-00A0C91BC942}") = "ALL_BUILD", "ALL_BUILD.vcxproj", "{563171DF-30E6-40AD-B0F5-FA3278AC6B9E}"
	ProjectSection(ProjectDependencies) = postProject
		{C4475A16-4BBC-4F4E-999C-3A141857E227} = {C4475A16-4BBC-4F4E-999C-3A141857E227}
		{BB7A65B9-28B8-4270-ADDD-F706384C4BB4} = {BB7A65B9-28B8-4270-ADDD-F706384C4BB4}
		{F097A59E-3536-4E31-B05E-4C009F3C377B} = {F097A59E-3536-4E31-B05E-4C009F3C377B}
		{1A0605C2-C5E1-4E7F-9D8D-A5E01AB1FD6B} = {1A0605C2-C5E1-4E7F-9D8D-A5E01AB1FD6B}
		{D4327D5B-C1E4-4597-82F4-164536EEC5FB} = {D4327D5B-C1E4-4597-82F4-164536EEC5FB}
		{B13D2490-91BE-4713-A063-3D786F4D8572} = {B13D2490-91BE-4713-A063-3D786F4D8572}
		{B1E026A3-1DD4-4E9A-8CFD-AD924DC86BAB} = {B1E026A3-1DD4-4E9A-8CFD-AD924DC86BAB}
		{C726C49E-CE44-4D5C-8074-0E65289DF4E3} = {C726C49E-CE44-4D5C-8074-0E65289DF4E3}
		{27D804A6-762C-4856-AA23-B2D4CC892310} = {27D804A6-762C-4856-AA23-B2D4CC892310}
		{FF319D98-683F-44D9-BE10-FF2216DFB247} = {FF319D98-683F-44D9-BE10-FF2216DFB247}
		{4B9C0CCD-ACAC-4F61-B3EA-E093E0981545} = {4B9C0CCD-ACAC-4F61-B3EA-E093E0981545}
		{B5893255-8217-4DAE-9CC0-FC8B4718E933} = {B5893255-8217-4DAE-9CC0-FC8B4718E933}
		{11EC5D6A-6EA9-4D28-BCF3-B868A8CC1033} = {11EC5D6A-6EA9-4D28-BCF3-B868A8CC1033}
		{67BBB436-7C7F-47A7-A7B6-942B9CFAA4C8} = {67BBB436-7C7F-47A7-A7B6-942B9CFAA4C8}
		{1992A517-9885-4623-B035-52C0D8E343CC} = {1992A517-9885-4623-B035-52C0D8E343CC}
	EndProjectSection
EndProject
Project("{8BC9CEB8-8B4A-11D0-8D11-00A0C91BC942}") = "ActiveXCore", "ActiveXCore\ActiveXCore.vcxproj", "{C4475A16-4BBC-4F4E-999C-3A141857E227}"
	ProjectSection(ProjectDependencies) = postProject
		{1A0605C2-C5E1-4E7F-9D8D-A5E01AB1FD6B} = {1A0605C2-C5E1-4E7F-9D8D-A5E01AB1FD6B}
		{D4327D5B-C1E4-4597-82F4-164536EEC5FB} = {D4327D5B-C1E4-4597-82F4-164536EEC5FB}
		{27D804A6-762C-4856-AA23-B2D4CC892310} = {27D804A6-762C-4856-AA23-B2D4CC892310}
		{B5893255-8217-4DAE-9CC0-FC8B4718E933} = {B5893255-8217-4DAE-9CC0-FC8B4718E933}
		{11EC5D6A-6EA9-4D28-BCF3-B868A8CC1033} = {11EC5D6A-6EA9-4D28-BCF3-B868A8CC1033}
	EndProjectSection
EndProject
Project("{8BC9CEB8-8B4A-11D0-8D11-00A0C91BC942}") = "FireBreath_Cmake", "cmake_common\FireBreath_Cmake.vcxproj", "{BB7A65B9-28B8-4270-ADDD-F706384C4BB4}"
	ProjectSection(ProjectDependencies) = postProject
		{27D804A6-762C-4856-AA23-B2D4CC892310} = {27D804A6-762C-4856-AA23-B2D4CC892310}
	EndProjectSection
EndProject
Project("{8BC9CEB8-8B4A-11D0-8D11-00A0C91BC942}") = "NpapiCore", "NpapiCore\NpapiCore.vcxproj", "{F097A59E-3536-4E31-B05E-4C009F3C377B}"
	ProjectSection(ProjectDependencies) = postProject
		{27D804A6-762C-4856-AA23-B2D4CC892310} = {27D804A6-762C-4856-AA23-B2D4CC892310}
		{B5893255-8217-4DAE-9CC0-FC8B4718E933} = {B5893255-8217-4DAE-9CC0-FC8B4718E933}
		{11EC5D6A-6EA9-4D28-BCF3-B868A8CC1033} = {11EC5D6A-6EA9-4D28-BCF3-B868A8CC1033}
	EndProjectSection
EndProject
Project("{8BC9CEB8-8B4A-11D0-8D11-00A0C91BC942}") = "PluginCore", "PluginCore\PluginCore.vcxproj", "{1A0605C2-C5E1-4E7F-9D8D-A5E01AB1FD6B}"
	ProjectSection(ProjectDependencies) = postProject
		{27D804A6-762C-4856-AA23-B2D4CC892310} = {27D804A6-762C-4856-AA23-B2D4CC892310}
	EndProjectSection
EndProject
Project("{8BC9CEB8-8B4A-11D0-8D11-00A0C91BC942}") = "ScriptingCore", "ScriptingCore\ScriptingCore.vcxproj", "{D4327D5B-C1E4-4597-82F4-164536EEC5FB}"
	ProjectSection(ProjectDependencies) = postProject
		{27D804A6-762C-4856-AA23-B2D4CC892310} = {27D804A6-762C-4856-AA23-B2D4CC892310}
		{B5893255-8217-4DAE-9CC0-FC8B4718E933} = {B5893255-8217-4DAE-9CC0-FC8B4718E933}
		{11EC5D6A-6EA9-4D28-BCF3-B868A8CC1033} = {11EC5D6A-6EA9-4D28-BCF3-B868A8CC1033}
	EndProjectSection
EndProject
Project("{8BC9CEB8-8B4A-11D0-8D11-00A0C91BC942}") = "UnitTest++", "unittest-cpp\UnitTest++\UnitTest++.vcxproj", "{B13D2490-91BE-4713-A063-3D786F4D8572}"
	ProjectSection(ProjectDependencies) = postProject
		{27D804A6-762C-4856-AA23-B2D4CC892310} = {27D804A6-762C-4856-AA23-B2D4CC892310}
	EndProjectSection
EndProject
Project("{8BC9CEB8-8B4A-11D0-8D11-00A0C91BC942}") = "UnitTest_ActiveXCore", "ActiveXCoreTest\UnitTest_ActiveXCore.vcxproj", "{B1E026A3-1DD4-4E9A-8CFD-AD924DC86BAB}"
	ProjectSection(ProjectDependencies) = postProject
		{C4475A16-4BBC-4F4E-999C-3A141857E227} = {C4475A16-4BBC-4F4E-999C-3A141857E227}
		{F097A59E-3536-4E31-B05E-4C009F3C377B} = {F097A59E-3536-4E31-B05E-4C009F3C377B}
		{1A0605C2-C5E1-4E7F-9D8D-A5E01AB1FD6B} = {1A0605C2-C5E1-4E7F-9D8D-A5E01AB1FD6B}
		{D4327D5B-C1E4-4597-82F4-164536EEC5FB} = {D4327D5B-C1E4-4597-82F4-164536EEC5FB}
		{B13D2490-91BE-4713-A063-3D786F4D8572} = {B13D2490-91BE-4713-A063-3D786F4D8572}
		{27D804A6-762C-4856-AA23-B2D4CC892310} = {27D804A6-762C-4856-AA23-B2D4CC892310}
		{FF319D98-683F-44D9-BE10-FF2216DFB247} = {FF319D98-683F-44D9-BE10-FF2216DFB247}
		{4B9C0CCD-ACAC-4F61-B3EA-E093E0981545} = {4B9C0CCD-ACAC-4F61-B3EA-E093E0981545}
		{B5893255-8217-4DAE-9CC0-FC8B4718E933} = {B5893255-8217-4DAE-9CC0-FC8B4718E933}
	EndProjectSection
EndProject
Project("{8BC9CEB8-8B4A-11D0-8D11-00A0C91BC942}") = "UnitTest_ScriptingCore", "ScriptingCoreTest\UnitTest_ScriptingCore.vcxproj", "{C726C49E-CE44-4D5C-8074-0E65289DF4E3}"
	ProjectSection(ProjectDependencies) = postProject
		{1A0605C2-C5E1-4E7F-9D8D-A5E01AB1FD6B} = {1A0605C2-C5E1-4E7F-9D8D-A5E01AB1FD6B}
		{D4327D5B-C1E4-4597-82F4-164536EEC5FB} = {D4327D5B-C1E4-4597-82F4-164536EEC5FB}
		{B13D2490-91BE-4713-A063-3D786F4D8572} = {B13D2490-91BE-4713-A063-3D786F4D8572}
		{27D804A6-762C-4856-AA23-B2D4CC892310} = {27D804A6-762C-4856-AA23-B2D4CC892310}
		{FF319D98-683F-44D9-BE10-FF2216DFB247} = {FF319D98-683F-44D9-BE10-FF2216DFB247}
		{4B9C0CCD-ACAC-4F61-B3EA-E093E0981545} = {4B9C0CCD-ACAC-4F61-B3EA-E093E0981545}
		{B5893255-8217-4DAE-9CC0-FC8B4718E933} = {B5893255-8217-4DAE-9CC0-FC8B4718E933}
	EndProjectSection
EndProject
Project("{8BC9CEB8-8B4A-11D0-8D11-00A0C91BC942}") = "ZERO_CHECK", "ZERO_CHECK.vcxproj", "{27D804A6-762C-4856-AA23-B2D4CC892310}"
	ProjectSection(ProjectDependencies) = postProject
	EndProjectSection
EndProject
Project("{8BC9CEB8-8B4A-11D0-8D11-00A0C91BC942}") = "boost_date_time", "boost\libs\date_time\boost_date_time.vcxproj", "{FF319D98-683F-44D9-BE10-FF2216DFB247}"
	ProjectSection(ProjectDependencies) = postProject
		{27D804A6-762C-4856-AA23-B2D4CC892310} = {27D804A6-762C-4856-AA23-B2D4CC892310}
	EndProjectSection
EndProject
Project("{8BC9CEB8-8B4A-11D0-8D11-00A0C91BC942}") = "boost_regex", "boost\libs\regex\boost_regex.vcxproj", "{4B9C0CCD-ACAC-4F61-B3EA-E093E0981545}"
	ProjectSection(ProjectDependencies) = postProject
		{27D804A6-762C-4856-AA23-B2D4CC892310} = {27D804A6-762C-4856-AA23-B2D4CC892310}
	EndProjectSection
EndProject
Project("{8BC9CEB8-8B4A-11D0-8D11-00A0C91BC942}") = "boost_system", "boost\libs\system\boost_system.vcxproj", "{B5893255-8217-4DAE-9CC0-FC8B4718E933}"
	ProjectSection(ProjectDependencies) = postProject
		{27D804A6-762C-4856-AA23-B2D4CC892310} = {27D804A6-762C-4856-AA23-B2D4CC892310}
	EndProjectSection
EndProject
Project("{8BC9CEB8-8B4A-11D0-8D11-00A0C91BC942}") = "boost_thread", "boost\libs\thread\boost_thread.vcxproj", "{11EC5D6A-6EA9-4D28-BCF3-B868A8CC1033}"
	ProjectSection(ProjectDependencies) = postProject
		{27D804A6-762C-4856-AA23-B2D4CC892310} = {27D804A6-762C-4856-AA23-B2D4CC892310}
	EndProjectSection
EndProject
Project("{8BC9CEB8-8B4A-11D0-8D11-00A0C91BC942}") = "iev_PluginAuto", "projects\ieview\PluginAuto\iev_PluginAuto.vcxproj", "{67BBB436-7C7F-47A7-A7B6-942B9CFAA4C8}"
	ProjectSection(ProjectDependencies) = postProject
		{27D804A6-762C-4856-AA23-B2D4CC892310} = {27D804A6-762C-4856-AA23-B2D4CC892310}
	EndProjectSection
EndProject
Project("{8BC9CEB8-8B4A-11D0-8D11-00A0C91BC942}") = "ieview", "projects\ieview\ieview.vcxproj", "{1992A517-9885-4623-B035-52C0D8E343CC}"
	ProjectSection(ProjectDependencies) = postProject
		{C4475A16-4BBC-4F4E-999C-3A141857E227} = {C4475A16-4BBC-4F4E-999C-3A141857E227}
		{F097A59E-3536-4E31-B05E-4C009F3C377B} = {F097A59E-3536-4E31-B05E-4C009F3C377B}
		{1A0605C2-C5E1-4E7F-9D8D-A5E01AB1FD6B} = {1A0605C2-C5E1-4E7F-9D8D-A5E01AB1FD6B}
		{D4327D5B-C1E4-4597-82F4-164536EEC5FB} = {D4327D5B-C1E4-4597-82F4-164536EEC5FB}
		{27D804A6-762C-4856-AA23-B2D4CC892310} = {27D804A6-762C-4856-AA23-B2D4CC892310}
		{B5893255-8217-4DAE-9CC0-FC8B4718E933} = {B5893255-8217-4DAE-9CC0-FC8B4718E933}
		{11EC5D6A-6EA9-4D28-BCF3-B868A8CC1033} = {11EC5D6A-6EA9-4D28-BCF3-B868A8CC1033}
		{67BBB436-7C7F-47A7-A7B6-942B9CFAA4C8} = {67BBB436-7C7F-47A7-A7B6-942B9CFAA4C8}
	EndProjectSection
EndProject
Project("{2150E333-8FDC-42A3-9474-1A3956D46DE8}") = "CMakePredefinedTargets", "CMakePredefinedTargets", "{46866E0B-DE0B-451F-B6CF-0F89504436DF}"
EndProject
Project("{2150E333-8FDC-42A3-9474-1A3956D46DE8}") = "FireBreath Core", "FireBreath Core", "{B418B6BD-068F-4F30-8223-B90BCD549508}"
EndProject
Project("{2150E333-8FDC-42A3-9474-1A3956D46DE8}") = "FireBreath Generated", "FireBreath Generated", "{9A857E51-1688-4FC8-8211-2AAD836E3380}"
EndProject
Project("{2150E333-8FDC-42A3-9474-1A3956D46DE8}") = "Libraries", "Libraries", "{14C2E38F-2DEB-4218-B248-A551B3FB515A}"
EndProject
Project("{2150E333-8FDC-42A3-9474-1A3956D46DE8}") = "UnitTests", "UnitTests", "{9BC80A24-30B6-4859-8E8D-8D747217FE48}"
EndProject
Global
	GlobalSection(SolutionConfigurationPlatforms) = preSolution
		Debug|Win32 = Debug|Win32
		Release|Win32 = Release|Win32
		MinSizeRel|Win32 = MinSizeRel|Win32
		RelWithDebInfo|Win32 = RelWithDebInfo|Win32
	EndGlobalSection
	GlobalSection(ProjectConfigurationPlatforms) = postSolution
		{563171DF-30E6-40AD-B0F5-FA3278AC6B9E}.Debug|Win32.ActiveCfg = Debug|Win32
		{563171DF-30E6-40AD-B0F5-FA3278AC6B9E}.Release|Win32.ActiveCfg = Release|Win32
		{563171DF-30E6-40AD-B0F5-FA3278AC6B9E}.MinSizeRel|Win32.ActiveCfg = MinSizeRel|Win32
		{563171DF-30E6-40AD-B0F5-FA3278AC6B9E}.RelWithDebInfo|Win32.ActiveCfg = RelWithDebInfo|Win32
		{C4475A16-4BBC-4F4E-999C-3A141857E227}.Debug|Win32.ActiveCfg = Debug|Win32
		{C4475A16-4BBC-4F4E-999C-3A141857E227}.Debug|Win32.Build.0 = Debug|Win32
		{C4475A16-4BBC-4F4E-999C-3A141857E227}.Release|Win32.ActiveCfg = Release|Win32
		{C4475A16-4BBC-4F4E-999C-3A141857E227}.Release|Win32.Build.0 = Release|Win32
		{C4475A16-4BBC-4F4E-999C-3A141857E227}.MinSizeRel|Win32.ActiveCfg = MinSizeRel|Win32
		{C4475A16-4BBC-4F4E-999C-3A141857E227}.MinSizeRel|Win32.Build.0 = MinSizeRel|Win32
		{C4475A16-4BBC-4F4E-999C-3A141857E227}.RelWithDebInfo|Win32.ActiveCfg = RelWithDebInfo|Win32
		{C4475A16-4BBC-4F4E-999C-3A141857E227}.RelWithDebInfo|Win32.Build.0 = RelWithDebInfo|Win32
		{BB7A65B9-28B8-4270-ADDD-F706384C4BB4}.Debug|Win32.ActiveCfg = Debug|Win32
		{BB7A65B9-28B8-4270-ADDD-F706384C4BB4}.Debug|Win32.Build.0 = Debug|Win32
		{BB7A65B9-28B8-4270-ADDD-F706384C4BB4}.Release|Win32.ActiveCfg = Release|Win32
		{BB7A65B9-28B8-4270-ADDD-F706384C4BB4}.Release|Win32.Build.0 = Release|Win32
		{BB7A65B9-28B8-4270-ADDD-F706384C4BB4}.MinSizeRel|Win32.ActiveCfg = MinSizeRel|Win32
		{BB7A65B9-28B8-4270-ADDD-F706384C4BB4}.MinSizeRel|Win32.Build.0 = MinSizeRel|Win32
		{BB7A65B9-28B8-4270-ADDD-F706384C4BB4}.RelWithDebInfo|Win32.ActiveCfg = RelWithDebInfo|Win32
		{BB7A65B9-28B8-4270-ADDD-F706384C4BB4}.RelWithDebInfo|Win32.Build.0 = RelWithDebInfo|Win32
		{F097A59E-3536-4E31-B05E-4C009F3C377B}.Debug|Win32.ActiveCfg = Debug|Win32
		{F097A59E-3536-4E31-B05E-4C009F3C377B}.Debug|Win32.Build.0 = Debug|Win32
		{F097A59E-3536-4E31-B05E-4C009F3C377B}.Release|Win32.ActiveCfg = Release|Win32
		{F097A59E-3536-4E31-B05E-4C009F3C377B}.Release|Win32.Build.0 = Release|Win32
		{F097A59E-3536-4E31-B05E-4C009F3C377B}.MinSizeRel|Win32.ActiveCfg = MinSizeRel|Win32
		{F097A59E-3536-4E31-B05E-4C009F3C377B}.MinSizeRel|Win32.Build.0 = MinSizeRel|Win32
		{F097A59E-3536-4E31-B05E-4C009F3C377B}.RelWithDebInfo|Win32.ActiveCfg = RelWithDebInfo|Win32
		{F097A59E-3536-4E31-B05E-4C009F3C377B}.RelWithDebInfo|Win32.Build.0 = RelWithDebInfo|Win32
		{1A0605C2-C5E1-4E7F-9D8D-A5E01AB1FD6B}.Debug|Win32.ActiveCfg = Debug|Win32
		{1A0605C2-C5E1-4E7F-9D8D-A5E01AB1FD6B}.Debug|Win32.Build.0 = Debug|Win32
		{1A0605C2-C5E1-4E7F-9D8D-A5E01AB1FD6B}.Release|Win32.ActiveCfg = Release|Win32
		{1A0605C2-C5E1-4E7F-9D8D-A5E01AB1FD6B}.Release|Win32.Build.0 = Release|Win32
		{1A0605C2-C5E1-4E7F-9D8D-A5E01AB1FD6B}.MinSizeRel|Win32.ActiveCfg = MinSizeRel|Win32
		{1A0605C2-C5E1-4E7F-9D8D-A5E01AB1FD6B}.MinSizeRel|Win32.Build.0 = MinSizeRel|Win32
		{1A0605C2-C5E1-4E7F-9D8D-A5E01AB1FD6B}.RelWithDebInfo|Win32.ActiveCfg = RelWithDebInfo|Win32
		{1A0605C2-C5E1-4E7F-9D8D-A5E01AB1FD6B}.RelWithDebInfo|Win32.Build.0 = RelWithDebInfo|Win32
		{D4327D5B-C1E4-4597-82F4-164536EEC5FB}.Debug|Win32.ActiveCfg = Debug|Win32
		{D4327D5B-C1E4-4597-82F4-164536EEC5FB}.Debug|Win32.Build.0 = Debug|Win32
		{D4327D5B-C1E4-4597-82F4-164536EEC5FB}.Release|Win32.ActiveCfg = Release|Win32
		{D4327D5B-C1E4-4597-82F4-164536EEC5FB}.Release|Win32.Build.0 = Release|Win32
		{D4327D5B-C1E4-4597-82F4-164536EEC5FB}.MinSizeRel|Win32.ActiveCfg = MinSizeRel|Win32
		{D4327D5B-C1E4-4597-82F4-164536EEC5FB}.MinSizeRel|Win32.Build.0 = MinSizeRel|Win32
		{D4327D5B-C1E4-4597-82F4-164536EEC5FB}.RelWithDebInfo|Win32.ActiveCfg = RelWithDebInfo|Win32
		{D4327D5B-C1E4-4597-82F4-164536EEC5FB}.RelWithDebInfo|Win32.Build.0 = RelWithDebInfo|Win32
		{B13D2490-91BE-4713-A063-3D786F4D8572}.Debug|Win32.ActiveCfg = Debug|Win32
		{B13D2490-91BE-4713-A063-3D786F4D8572}.Debug|Win32.Build.0 = Debug|Win32
		{B13D2490-91BE-4713-A063-3D786F4D8572}.Release|Win32.ActiveCfg = Release|Win32
		{B13D2490-91BE-4713-A063-3D786F4D8572}.Release|Win32.Build.0 = Release|Win32
		{B13D2490-91BE-4713-A063-3D786F4D8572}.MinSizeRel|Win32.ActiveCfg = MinSizeRel|Win32
		{B13D2490-91BE-4713-A063-3D786F4D8572}.MinSizeRel|Win32.Build.0 = MinSizeRel|Win32
		{B13D2490-91BE-4713-A063-3D786F4D8572}.RelWithDebInfo|Win32.ActiveCfg = RelWithDebInfo|Win32
		{B13D2490-91BE-4713-A063-3D786F4D8572}.RelWithDebInfo|Win32.Build.0 = RelWithDebInfo|Win32
		{B1E026A3-1DD4-4E9A-8CFD-AD924DC86BAB}.Debug|Win32.ActiveCfg = Debug|Win32
		{B1E026A3-1DD4-4E9A-8CFD-AD924DC86BAB}.Debug|Win32.Build.0 = Debug|Win32
		{B1E026A3-1DD4-4E9A-8CFD-AD924DC86BAB}.Release|Win32.ActiveCfg = Release|Win32
		{B1E026A3-1DD4-4E9A-8CFD-AD924DC86BAB}.Release|Win32.Build.0 = Release|Win32
		{B1E026A3-1DD4-4E9A-8CFD-AD924DC86BAB}.MinSizeRel|Win32.ActiveCfg = MinSizeRel|Win32
		{B1E026A3-1DD4-4E9A-8CFD-AD924DC86BAB}.MinSizeRel|Win32.Build.0 = MinSizeRel|Win32
		{B1E026A3-1DD4-4E9A-8CFD-AD924DC86BAB}.RelWithDebInfo|Win32.ActiveCfg = RelWithDebInfo|Win32
		{B1E026A3-1DD4-4E9A-8CFD-AD924DC86BAB}.RelWithDebInfo|Win32.Build.0 = RelWithDebInfo|Win32
		{C726C49E-CE44-4D5C-8074-0E65289DF4E3}.Debug|Win32.ActiveCfg = Debug|Win32
		{C726C49E-CE44-4D5C-8074-0E65289DF4E3}.Debug|Win32.Build.0 = Debug|Win32
		{C726C49E-CE44-4D5C-8074-0E65289DF4E3}.Release|Win32.ActiveCfg = Release|Win32
		{C726C49E-CE44-4D5C-8074-0E65289DF4E3}.Release|Win32.Build.0 = Release|Win32
		{C726C49E-CE44-4D5C-8074-0E65289DF4E3}.MinSizeRel|Win32.ActiveCfg = MinSizeRel|Win32
		{C726C49E-CE44-4D5C-8074-0E65289DF4E3}.MinSizeRel|Win32.Build.0 = MinSizeRel|Win32
		{C726C49E-CE44-4D5C-8074-0E65289DF4E3}.RelWithDebInfo|Win32.ActiveCfg = RelWithDebInfo|Win32
		{C726C49E-CE44-4D5C-8074-0E65289DF4E3}.RelWithDebInfo|Win32.Build.0 = RelWithDebInfo|Win32
		{27D804A6-762C-4856-AA23-B2D4CC892310}.Debug|Win32.ActiveCfg = Debug|Win32
		{27D804A6-762C-4856-AA23-B2D4CC892310}.Debug|Win32.Build.0 = Debug|Win32
		{27D804A6-762C-4856-AA23-B2D4CC892310}.Release|Win32.ActiveCfg = Release|Win32
		{27D804A6-762C-4856-AA23-B2D4CC892310}.Release|Win32.Build.0 = Release|Win32
		{27D804A6-762C-4856-AA23-B2D4CC892310}.MinSizeRel|Win32.ActiveCfg = MinSizeRel|Win32
		{27D804A6-762C-4856-AA23-B2D4CC892310}.MinSizeRel|Win32.Build.0 = MinSizeRel|Win32
		{27D804A6-762C-4856-AA23-B2D4CC892310}.RelWithDebInfo|Win32.ActiveCfg = RelWithDebInfo|Win32
		{27D804A6-762C-4856-AA23-B2D4CC892310}.RelWithDebInfo|Win32.Build.0 = RelWithDebInfo|Win32
		{FF319D98-683F-44D9-BE10-FF2216DFB247}.Debug|Win32.ActiveCfg = Debug|Win32
		{FF319D98-683F-44D9-BE10-FF2216DFB247}.Debug|Win32.Build.0 = Debug|Win32
		{FF319D98-683F-44D9-BE10-FF2216DFB247}.Release|Win32.ActiveCfg = Release|Win32
		{FF319D98-683F-44D9-BE10-FF2216DFB247}.Release|Win32.Build.0 = Release|Win32
		{FF319D98-683F-44D9-BE10-FF2216DFB247}.MinSizeRel|Win32.ActiveCfg = MinSizeRel|Win32
		{FF319D98-683F-44D9-BE10-FF2216DFB247}.MinSizeRel|Win32.Build.0 = MinSizeRel|Win32
		{FF319D98-683F-44D9-BE10-FF2216DFB247}.RelWithDebInfo|Win32.ActiveCfg = RelWithDebInfo|Win32
		{FF319D98-683F-44D9-BE10-FF2216DFB247}.RelWithDebInfo|Win32.Build.0 = RelWithDebInfo|Win32
		{4B9C0CCD-ACAC-4F61-B3EA-E093E0981545}.Debug|Win32.ActiveCfg = Debug|Win32
		{4B9C0CCD-ACAC-4F61-B3EA-E093E0981545}.Debug|Win32.Build.0 = Debug|Win32
		{4B9C0CCD-ACAC-4F61-B3EA-E093E0981545}.Release|Win32.ActiveCfg = Release|Win32
		{4B9C0CCD-ACAC-4F61-B3EA-E093E0981545}.Release|Win32.Build.0 = Release|Win32
		{4B9C0CCD-ACAC-4F61-B3EA-E093E0981545}.MinSizeRel|Win32.ActiveCfg = MinSizeRel|Win32
		{4B9C0CCD-ACAC-4F61-B3EA-E093E0981545}.MinSizeRel|Win32.Build.0 = MinSizeRel|Win32
		{4B9C0CCD-ACAC-4F61-B3EA-E093E0981545}.RelWithDebInfo|Win32.ActiveCfg = RelWithDebInfo|Win32
		{4B9C0CCD-ACAC-4F61-B3EA-E093E0981545}.RelWithDebInfo|Win32.Build.0 = RelWithDebInfo|Win32
		{B5893255-8217-4DAE-9CC0-FC8B4718E933}.Debug|Win32.ActiveCfg = Debug|Win32
		{B5893255-8217-4DAE-9CC0-FC8B4718E933}.Debug|Win32.Build.0 = Debug|Win32
		{B5893255-8217-4DAE-9CC0-FC8B4718E933}.Release|Win32.ActiveCfg = Release|Win32
		{B5893255-8217-4DAE-9CC0-FC8B4718E933}.Release|Win32.Build.0 = Release|Win32
		{B5893255-8217-4DAE-9CC0-FC8B4718E933}.MinSizeRel|Win32.ActiveCfg = MinSizeRel|Win32
		{B5893255-8217-4DAE-9CC0-FC8B4718E933}.MinSizeRel|Win32.Build.0 = MinSizeRel|Win32
		{B5893255-8217-4DAE-9CC0-FC8B4718E933}.RelWithDebInfo|Win32.ActiveCfg = RelWithDebInfo|Win32
		{B5893255-8217-4DAE-9CC0-FC8B4718E933}.RelWithDebInfo|Win32.Build.0 = RelWithDebInfo|Win32
		{11EC5D6A-6EA9-4D28-BCF3-B868A8CC1033}.Debug|Win32.ActiveCfg = Debug|Win32
		{11EC5D6A-6EA9-4D28-BCF3-B868A8CC1033}.Debug|Win32.Build.0 = Debug|Win32
		{11EC5D6A-6EA9-4D28-BCF3-B868A8CC1033}.Release|Win32.ActiveCfg = Release|Win32
		{11EC5D6A-6EA9-4D28-BCF3-B868A8CC1033}.Release|Win32.Build.0 = Release|Win32
		{11EC5D6A-6EA9-4D28-BCF3-B868A8CC1033}.MinSizeRel|Win32.ActiveCfg = MinSizeRel|Win32
		{11EC5D6A-6EA9-4D28-BCF3-B868A8CC1033}.MinSizeRel|Win32.Build.0 = MinSizeRel|Win32
		{11EC5D6A-6EA9-4D28-BCF3-B868A8CC1033}.RelWithDebInfo|Win32.ActiveCfg = RelWithDebInfo|Win32
		{11EC5D6A-6EA9-4D28-BCF3-B868A8CC1033}.RelWithDebInfo|Win32.Build.0 = RelWithDebInfo|Win32
		{67BBB436-7C7F-47A7-A7B6-942B9CFAA4C8}.Debug|Win32.ActiveCfg = Debug|Win32
		{67BBB436-7C7F-47A7-A7B6-942B9CFAA4C8}.Debug|Win32.Build.0 = Debug|Win32
		{67BBB436-7C7F-47A7-A7B6-942B9CFAA4C8}.Release|Win32.ActiveCfg = Release|Win32
		{67BBB436-7C7F-47A7-A7B6-942B9CFAA4C8}.Release|Win32.Build.0 = Release|Win32
		{67BBB436-7C7F-47A7-A7B6-942B9CFAA4C8}.MinSizeRel|Win32.ActiveCfg = MinSizeRel|Win32
		{67BBB436-7C7F-47A7-A7B6-942B9CFAA4C8}.MinSizeRel|Win32.Build.0 = MinSizeRel|Win32
		{67BBB436-7C7F-47A7-A7B6-942B9CFAA4C8}.RelWithDebInfo|Win32.ActiveCfg = RelWithDebInfo|Win32
		{67BBB436-7C7F-47A7-A7B6-942B9CFAA4C8}.RelWithDebInfo|Win32.Build.0 = RelWithDebInfo|Win32
		{1992A517-9885-4623-B035-52C0D8E343CC}.Debug|Win32.ActiveCfg = Debug|Win32
		{1992A517-9885-4623-B035-52C0D8E343CC}.Debug|Win32.Build.0 = Debug|Win32
		{1992A517-9885-4623-B035-52C0D8E343CC}.Release|Win32.ActiveCfg = Release|Win32
		{1992A517-9885-4623-B035-52C0D8E343CC}.Release|Win32.Build.0 = Release|Win32
		{1992A517-9885-4623-B035-52C0D8E343CC}.MinSizeRel|Win32.ActiveCfg = MinSizeRel|Win32
		{1992A517-9885-4623-B035-52C0D8E343CC}.MinSizeRel|Win32.Build.0 = MinSizeRel|Win32
		{1992A517-9885-4623-B035-52C0D8E343CC}.RelWithDebInfo|Win32.ActiveCfg = RelWithDebInfo|Win32
		{1992A517-9885-4623-B035-52C0D8E343CC}.RelWithDebInfo|Win32.Build.0 = RelWithDebInfo|Win32
	EndGlobalSection
	GlobalSection(NestedProjects) = preSolution
		{27D804A6-762C-4856-AA23-B2D4CC892310} = {46866E0B-DE0B-451F-B6CF-0F89504436DF}
		{C4475A16-4BBC-4F4E-999C-3A141857E227} = {B418B6BD-068F-4F30-8223-B90BCD549508}
		{BB7A65B9-28B8-4270-ADDD-F706384C4BB4} = {B418B6BD-068F-4F30-8223-B90BCD549508}
		{F097A59E-3536-4E31-B05E-4C009F3C377B} = {B418B6BD-068F-4F30-8223-B90BCD549508}
		{1A0605C2-C5E1-4E7F-9D8D-A5E01AB1FD6B} = {B418B6BD-068F-4F30-8223-B90BCD549508}
		{D4327D5B-C1E4-4597-82F4-164536EEC5FB} = {B418B6BD-068F-4F30-8223-B90BCD549508}
		{67BBB436-7C7F-47A7-A7B6-942B9CFAA4C8} = {9A857E51-1688-4FC8-8211-2AAD836E3380}
		{FF319D98-683F-44D9-BE10-FF2216DFB247} = {14C2E38F-2DEB-4218-B248-A551B3FB515A}
		{4B9C0CCD-ACAC-4F61-B3EA-E093E0981545} = {14C2E38F-2DEB-4218-B248-A551B3FB515A}
		{B5893255-8217-4DAE-9CC0-FC8B4718E933} = {14C2E38F-2DEB-4218-B248-A551B3FB515A}
		{11EC5D6A-6EA9-4D28-BCF3-B868A8CC1033} = {14C2E38F-2DEB-4218-B248-A551B3FB515A}
		{B13D2490-91BE-4713-A063-3D786F4D8572} = {9BC80A24-30B6-4859-8E8D-8D747217FE48}
		{B1E026A3-1DD4-4E9A-8CFD-AD924DC86BAB} = {9BC80A24-30B6-4859-8E8D-8D747217FE48}
		{C726C49E-CE44-4D5C-8074-0E65289DF4E3} = {9BC80A24-30B6-4859-8E8D-8D747217FE48}
	EndGlobalSection
	GlobalSection(ExtensibilityGlobals) = postSolution
	EndGlobalSection
	GlobalSection(ExtensibilityAddIns) = postSolution
	EndGlobalSection
EndGlobal
