<?xml version="1.0" encoding="utf-8"?>
<Project ToolsVersion="4.0" xmlns="http://schemas.microsoft.com/developer/msbuild/2003">
  <ItemGroup>
    <ClCompile Include="..\..\src\ActiveXCore\ActiveXBrowserHost.cpp">
      <Filter>ActiveXScripting</Filter>
    </ClCompile>
    <ClCompile Include="..\..\src\ActiveXCore\IDispatchAPI.cpp">
      <Filter>ActiveXScripting</Filter>
    </ClCompile>
    <ClCompile Include="..\..\src\ActiveXCore\JSAPI_IDispatchEx.cpp">
      <Filter>ActiveXScripting</Filter>
    </ClCompile>
    <ClCompile Include="..\..\src\ActiveXCore\FBControl.cpp">
      <Filter>ActiveXControl</Filter>
    </ClCompile>
    <ClCompile Include="..\..\src\ActiveXCore\axstream.cpp">
      <Filter>ActiveXControl</Filter>
    </ClCompile>
    <ClCompile Include="..\..\src\ActiveXCore\axstream_impl.cpp">
      <Filter>ActiveXControl</Filter>
    </ClCompile>
    <ClCompile Include="..\..\src\ActiveXCore\axutil.cpp">
      <Filter>ActiveXControl</Filter>
    </ClCompile>
    <ClCompile Include="..\..\src\ActiveXCore\AXDOM\Document.cpp">
      <Filter>AXDOM</Filter>
    </ClCompile>
    <ClCompile Include="..\..\src\ActiveXCore\AXDOM\Element.cpp">
      <Filter>AXDOM</Filter>
    </ClCompile>
    <ClCompile Include="..\..\src\ActiveXCore\AXDOM\Node.cpp">
      <Filter>AXDOM</Filter>
    </ClCompile>
    <ClCompile Include="..\..\src\ActiveXCore\AXDOM\Window.cpp">
      <Filter>AXDOM</Filter>
    </ClCompile>
    <ClCompile Include="..\..\src\ActiveXCore\precompiled_headers.cpp">
      <Filter>Source Files</Filter>
    </ClCompile>
  </ItemGroup>
  <ItemGroup>
    <ClInclude Include="..\..\src\ActiveXCore\ActiveXBrowserHost.h">
      <Filter>ActiveXScripting</Filter>
    </ClInclude>
    <ClInclude Include="..\..\src\ActiveXCore\ComVariantUtil.h">
      <Filter>ActiveXScripting</Filter>
    </ClInclude>
    <ClInclude Include="..\..\src\ActiveXCore\COMJavascriptObject.h">
      <Filter>ActiveXScripting</Filter>
    </ClInclude>
    <ClInclude Include="..\..\src\ActiveXCore\IDispatchAPI.h">
      <Filter>ActiveXScripting</Filter>
    </ClInclude>
    <ClInclude Include="..\..\src\ActiveXCore\JSAPI_IDispatchEx.h">
      <Filter>ActiveXScripting</Filter>
    </ClInclude>
    <ClInclude Include="..\..\src\ActiveXCore\ActiveXFactoryDefinitions.h">
      <Filter>ActiveXControl</Filter>
    </ClInclude>
    <ClInclude Include="..\..\src\ActiveXCore\FBControl.h">
      <Filter>ActiveXControl</Filter>
    </ClInclude>
    <ClInclude Include="..\..\src\ActiveXCore\axstream.h">
      <Filter>ActiveXControl</Filter>
    </ClInclude>
    <ClInclude Include="..\..\src\ActiveXCore\axstream_impl.h">
      <Filter>ActiveXControl</Filter>
    </ClInclude>
    <ClInclude Include="..\..\src\ActiveXCore\axutil.h">
      <Filter>ActiveXControl</Filter>
    </ClInclude>
    <ClInclude Include="..\..\src\ActiveXCore\registrymap.hpp">
      <Filter>ActiveXControl</Filter>
    </ClInclude>
    <ClInclude Include="..\..\src\ActiveXCore\AXDOM\Document.h">
      <Filter>AXDOM</Filter>
    </ClInclude>
    <ClInclude Include="..\..\src\ActiveXCore\AXDOM\Element.h">
      <Filter>AXDOM</Filter>
    </ClInclude>
    <ClInclude Include="..\..\src\ActiveXCore\AXDOM\Node.h">
      <Filter>AXDOM</Filter>
    </ClInclude>
    <ClInclude Include="..\..\src\ActiveXCore\AXDOM\Window.h">
      <Filter>AXDOM</Filter>
    </ClInclude>
    <ClInclude Include="..\..\src\ActiveXCore\precompiled_headers.h">
      <Filter>Header Files</Filter>
    </ClInclude>
  </ItemGroup>
  <ItemGroup>
    <CustomBuild Include="..\..\src\ActiveXCore\CMakeLists.txt" />
  </ItemGroup>
  <ItemGroup>
    <Filter Include="Source Files">
      <UniqueIdentifier>{964C809C-0F05-4434-8C46-4E0D7F9ACEA9}</UniqueIdentifier>
    </Filter>
    <Filter Include="Header Files">
      <UniqueIdentifier>{09881D82-5D48-450E-8522-FE7D267EBEFE}</UniqueIdentifier>
    </Filter>
    <Filter Include="ActiveXScripting">
      <UniqueIdentifier>{53980168-C979-4394-8F25-0FE475875B4E}</UniqueIdentifier>
    </Filter>
    <Filter Include="ActiveXControl">
      <UniqueIdentifier>{E69317A6-E7C0-43BD-8162-4FF79AE76290}</UniqueIdentifier>
    </Filter>
    <Filter Include="AXDOM">
      <UniqueIdentifier>{608596B1-A93D-43BB-AC01-A7B54345823A}</UniqueIdentifier>
    </Filter>
  </ItemGroup>
</Project>
