Microsoft Visual Studio Solution File, Format Version 11.00
# Visual Studio 2010
Project("{8BC9CEB8-8B4A-11D0-8D11-00A0C91BC942}") = "ALL_BUILD", "ALL_BUILD.vcxproj", "{563171DF-30E6-40AD-B0F5-FA3278AC6B9E}"
	ProjectSection(ProjectDependencies) = postProject
		{1A0605C2-C5E1-4E7F-9D8D-A5E01AB1FD6B} = {1A0605C2-C5E1-4E7F-9D8D-A5E01AB1FD6B}
	EndProjectSection
EndProject
Project("{8BC9CEB8-8B4A-11D0-8D11-00A0C91BC942}") = "PluginCore", "PluginCore.vcxproj", "{1A0605C2-C5E1-4E7F-9D8D-A5E01AB1FD6B}"
	ProjectSection(ProjectDependencies) = postProject
		{27D804A6-762C-4856-AA23-B2D4CC892310} = {27D804A6-762C-4856-AA23-B2D4CC892310}
	EndProjectSection
EndProject
Project("{8BC9CEB8-8B4A-11D0-8D11-00A0C91BC942}") = "ZERO_CHECK", "..\ZERO_CHECK.vcxproj", "{27D804A6-762C-4856-AA23-B2D4CC892310}"
	ProjectSection(ProjectDependencies) = postProject
	EndProjectSection
EndProject
Project("{2150E333-8FDC-42A3-9474-1A3956D46DE8}") = "CMakePredefinedTargets", "CMakePredefinedTargets", "{46866E0B-DE0B-451F-B6CF-0F89504436DF}"
EndProject
Project("{2150E333-8FDC-42A3-9474-1A3956D46DE8}") = "FireBreath Core", "FireBreath Core", "{B418B6BD-068F-4F30-8223-B90BCD549508}"
EndProject
Project("{2150E333-8FDC-42A3-9474-1A3956D46DE8}") = "FireBreath Generated", "FireBreath Generated", "{9A857E51-1688-4FC8-8211-2AAD836E3380}"
EndProject
Project("{2150E333-8FDC-42A3-9474-1A3956D46DE8}") = "Libraries", "Libraries", "{14C2E38F-2DEB-4218-B248-A551B3FB515A}"
EndProject
Project("{2150E333-8FDC-42A3-9474-1A3956D46DE8}") = "UnitTests", "UnitTests", "{9BC80A24-30B6-4859-8E8D-8D747217FE48}"
EndProject
Global
	GlobalSection(SolutionConfigurationPlatforms) = preSolution
		Debug|Win32 = Debug|Win32
		Release|Win32 = Release|Win32
		MinSizeRel|Win32 = MinSizeRel|Win32
		RelWithDebInfo|Win32 = RelWithDebInfo|Win32
	EndGlobalSection
	GlobalSection(ProjectConfigurationPlatforms) = postSolution
		{563171DF-30E6-40AD-B0F5-FA3278AC6B9E}.Debug|Win32.ActiveCfg = Debug|Win32
		{563171DF-30E6-40AD-B0F5-FA3278AC6B9E}.Release|Win32.ActiveCfg = Release|Win32
		{563171DF-30E6-40AD-B0F5-FA3278AC6B9E}.MinSizeRel|Win32.ActiveCfg = MinSizeRel|Win32
		{563171DF-30E6-40AD-B0F5-FA3278AC6B9E}.RelWithDebInfo|Win32.ActiveCfg = RelWithDebInfo|Win32
		{1A0605C2-C5E1-4E7F-9D8D-A5E01AB1FD6B}.Debug|Win32.ActiveCfg = Debug|Win32
		{1A0605C2-C5E1-4E7F-9D8D-A5E01AB1FD6B}.Debug|Win32.Build.0 = Debug|Win32
		{1A0605C2-C5E1-4E7F-9D8D-A5E01AB1FD6B}.Release|Win32.ActiveCfg = Release|Win32
		{1A0605C2-C5E1-4E7F-9D8D-A5E01AB1FD6B}.Release|Win32.Build.0 = Release|Win32
		{1A0605C2-C5E1-4E7F-9D8D-A5E01AB1FD6B}.MinSizeRel|Win32.ActiveCfg = MinSizeRel|Win32
		{1A0605C2-C5E1-4E7F-9D8D-A5E01AB1FD6B}.MinSizeRel|Win32.Build.0 = MinSizeRel|Win32
		{1A0605C2-C5E1-4E7F-9D8D-A5E01AB1FD6B}.RelWithDebInfo|Win32.ActiveCfg = RelWithDebInfo|Win32
		{1A0605C2-C5E1-4E7F-9D8D-A5E01AB1FD6B}.RelWithDebInfo|Win32.Build.0 = RelWithDebInfo|Win32
		{27D804A6-762C-4856-AA23-B2D4CC892310}.Debug|Win32.ActiveCfg = Debug|Win32
		{27D804A6-762C-4856-AA23-B2D4CC892310}.Debug|Win32.Build.0 = Debug|Win32
		{27D804A6-762C-4856-AA23-B2D4CC892310}.Release|Win32.ActiveCfg = Release|Win32
		{27D804A6-762C-4856-AA23-B2D4CC892310}.Release|Win32.Build.0 = Release|Win32
		{27D804A6-762C-4856-AA23-B2D4CC892310}.MinSizeRel|Win32.ActiveCfg = MinSizeRel|Win32
		{27D804A6-762C-4856-AA23-B2D4CC892310}.MinSizeRel|Win32.Build.0 = MinSizeRel|Win32
		{27D804A6-762C-4856-AA23-B2D4CC892310}.RelWithDebInfo|Win32.ActiveCfg = RelWithDebInfo|Win32
		{27D804A6-762C-4856-AA23-B2D4CC892310}.RelWithDebInfo|Win32.Build.0 = RelWithDebInfo|Win32
	EndGlobalSection
	GlobalSection(NestedProjects) = preSolution
		{27D804A6-762C-4856-AA23-B2D4CC892310} = {46866E0B-DE0B-451F-B6CF-0F89504436DF}
		{C4475A16-4BBC-4F4E-999C-3A141857E227} = {B418B6BD-068F-4F30-8223-B90BCD549508}
		{BB7A65B9-28B8-4270-ADDD-F706384C4BB4} = {B418B6BD-068F-4F30-8223-B90BCD549508}
		{F097A59E-3536-4E31-B05E-4C009F3C377B} = {B418B6BD-068F-4F30-8223-B90BCD549508}
		{1A0605C2-C5E1-4E7F-9D8D-A5E01AB1FD6B} = {B418B6BD-068F-4F30-8223-B90BCD549508}
		{D4327D5B-C1E4-4597-82F4-164536EEC5FB} = {B418B6BD-068F-4F30-8223-B90BCD549508}
		{67BBB436-7C7F-47A7-A7B6-942B9CFAA4C8} = {9A857E51-1688-4FC8-8211-2AAD836E3380}
		{FF319D98-683F-44D9-BE10-FF2216DFB247} = {14C2E38F-2DEB-4218-B248-A551B3FB515A}
		{4B9C0CCD-ACAC-4F61-B3EA-E093E0981545} = {14C2E38F-2DEB-4218-B248-A551B3FB515A}
		{B5893255-8217-4DAE-9CC0-FC8B4718E933} = {14C2E38F-2DEB-4218-B248-A551B3FB515A}
		{11EC5D6A-6EA9-4D28-BCF3-B868A8CC1033} = {14C2E38F-2DEB-4218-B248-A551B3FB515A}
		{B13D2490-91BE-4713-A063-3D786F4D8572} = {9BC80A24-30B6-4859-8E8D-8D747217FE48}
		{B1E026A3-1DD4-4E9A-8CFD-AD924DC86BAB} = {9BC80A24-30B6-4859-8E8D-8D747217FE48}
		{C726C49E-CE44-4D5C-8074-0E65289DF4E3} = {9BC80A24-30B6-4859-8E8D-8D747217FE48}
	EndGlobalSection
	GlobalSection(ExtensibilityGlobals) = postSolution
	EndGlobalSection
	GlobalSection(ExtensibilityAddIns) = postSolution
	EndGlobalSection
EndGlobal
