<?xml version="1.0" encoding="utf-8"?>
<Project ToolsVersion="4.0" xmlns="http://schemas.microsoft.com/developer/msbuild/2003">
  <ItemGroup>
    <ClCompile Include="..\..\src\NpapiCore\NPJavascriptObject.cpp">
      <Filter>NpapiScripting</Filter>
    </ClCompile>
    <ClCompile Include="..\..\src\NpapiCore\NPObjectAPI.cpp">
      <Filter>NpapiScripting</Filter>
    </ClCompile>
    <ClCompile Include="..\..\src\NpapiCore\NpapiBrowserHost.cpp">
      <Filter>NpapiScripting</Filter>
    </ClCompile>
    <ClCompile Include="..\..\src\NpapiCore\NpapiPlugin.cpp">
      <Filter>NpapiPlugin</Filter>
    </ClCompile>
    <ClCompile Include="..\..\src\NpapiCore\NpapiPluginModule.cpp">
      <Filter>NpapiPlugin</Filter>
    </ClCompile>
    <ClCompile Include="..\..\src\NpapiCore\NpapiPluginModule_NPP.cpp">
      <Filter>NpapiPlugin</Filter>
    </ClCompile>
    <ClCompile Include="..\..\src\NpapiCore\NpapiStream.cpp">
      <Filter>NpapiPlugin</Filter>
    </ClCompile>
    <ClCompile Include="..\..\src\NpapiCore\NpapiTypes.cpp">
      <Filter>NpapiPlugin</Filter>
    </ClCompile>
    <ClCompile Include="..\..\src\NpapiCore\Win\NpapiBrowserHostAsyncWin.cpp">
      <Filter>Windows</Filter>
    </ClCompile>
    <ClCompile Include="..\..\src\NpapiCore\precompiled_headers.cpp">
      <Filter>Source Files</Filter>
    </ClCompile>
  </ItemGroup>
  <ItemGroup>
    <ClInclude Include="..\..\src\NpapiCore\NPJavascriptObject.h">
      <Filter>NpapiScripting</Filter>
    </ClInclude>
    <ClInclude Include="..\..\src\NpapiCore\NPObjectAPI.h">
      <Filter>NpapiScripting</Filter>
    </ClInclude>
    <ClInclude Include="..\..\src\NpapiCore\NpapiBrowserHost.h">
      <Filter>NpapiScripting</Filter>
    </ClInclude>
    <ClInclude Include="..\..\src\NpapiCore\NPVariantUtil.h">
      <Filter>NpapiScripting</Filter>
    </ClInclude>
    <ClInclude Include="..\..\src\NpapiCore\NpapiPlugin.h">
      <Filter>NpapiPlugin</Filter>
    </ClInclude>
    <ClInclude Include="..\..\src\NpapiCore\NpapiPluginFactory.h">
      <Filter>NpapiPlugin</Filter>
    </ClInclude>
    <ClInclude Include="..\..\src\NpapiCore\NpapiPluginModule.h">
      <Filter>NpapiPlugin</Filter>
    </ClInclude>
    <ClInclude Include="..\..\src\NpapiCore\NpapiStream.h">
      <Filter>NpapiPlugin</Filter>
    </ClInclude>
    <ClInclude Include="..\..\src\NpapiCore\NpapiTypes.h">
      <Filter>NpapiPlugin</Filter>
    </ClInclude>
    <ClInclude Include="..\..\src\NpapiCore\NpapiFactoryDefinitions.h">
      <Filter>NpapiPlugin</Filter>
    </ClInclude>
    <ClInclude Include="..\..\src\NpapiCore\Win\NpapiBrowserHostAsyncWin.h">
      <Filter>Windows</Filter>
    </ClInclude>
    <ClInclude Include="..\..\src\NpapiCore\precompiled_headers.h">
      <Filter>Header Files</Filter>
    </ClInclude>
  </ItemGroup>
  <ItemGroup>
    <CustomBuild Include="..\..\src\NpapiCore\CMakeLists.txt" />
  </ItemGroup>
  <ItemGroup>
    <Filter Include="Source Files">
      <UniqueIdentifier>{964C809C-0F05-4434-8C46-4E0D7F9ACEA9}</UniqueIdentifier>
    </Filter>
    <Filter Include="Header Files">
      <UniqueIdentifier>{09881D82-5D48-450E-8522-FE7D267EBEFE}</UniqueIdentifier>
    </Filter>
    <Filter Include="NpapiScripting">
      <UniqueIdentifier>{5BA685D5-E27D-452D-9B26-5036BEC08EB5}</UniqueIdentifier>
    </Filter>
    <Filter Include="NpapiPlugin">
      <UniqueIdentifier>{46EC1C80-08F7-4F90-8F7F-DE830AA5C69C}</UniqueIdentifier>
    </Filter>
    <Filter Include="Windows">
      <UniqueIdentifier>{685A0623-50E8-4D3F-A5C0-AB0D0747FC84}</UniqueIdentifier>
    </Filter>
  </ItemGroup>
</Project>
