<?xml version="1.0" encoding="utf-8"?>
<Project ToolsVersion="4.0" xmlns="http://schemas.microsoft.com/developer/msbuild/2003">
  <ItemGroup>
    <ClCompile Include="..\..\..\..\src\PluginAuto\PluginInfo.cpp">
      <Filter>Source Files</Filter>
    </ClCompile>
    <ClCompile Include="..\..\..\..\src\PluginAuto\precompiled_headers.cpp">
      <Filter>Source Files</Filter>
    </ClCompile>
    <ClCompile Include="..\..\..\..\src\PluginAuto\null\NullLogger.cpp">
      <Filter>Source Files</Filter>
    </ClCompile>
    <ClCompile Include="..\..\..\..\src\PluginAuto\Win\axmain.cpp">
      <Filter>WindowsATL</Filter>
    </ClCompile>
    <ClCompile Include="..\..\..\..\src\PluginAuto\Win\axPluginObjects.cpp">
      <Filter>WindowsATL</Filter>
    </ClCompile>
    <ClCompile Include="..\..\..\..\src\PluginAuto\Win\dllmain.cpp">
      <Filter>Windows</Filter>
    </ClCompile>
    <ClCompile Include="..\..\..\..\src\PluginAuto\Win\FireBreathWin.cpp">
      <Filter>WindowsATL</Filter>
    </ClCompile>
    <ClCompile Include="..\..\..\..\src\PluginAuto\Win\NpapiPluginWin.cpp">
      <Filter>Windows</Filter>
    </ClCompile>
    <ClCompile Include="..\..\..\..\src\PluginAuto\Win\np_winmain.cpp">
      <Filter>Windows</Filter>
    </ClCompile>
    <ClCompile Include="..\..\..\..\src\PluginAuto\Win\PluginWindowlessWin.cpp">
      <Filter>Windows</Filter>
    </ClCompile>
    <ClCompile Include="..\..\..\..\src\PluginAuto\Win\PluginWindowWin.cpp">
      <Filter>Windows</Filter>
    </ClCompile>
    <ClCompile Include="..\gen\FireBreathWin_i.c">
      <Filter>Source Files</Filter>
    </ClCompile>
  </ItemGroup>
  <ItemGroup>
    <ClInclude Include="..\..\..\..\src\PluginAuto\precompiled_headers.h">
      <Filter>Header Files</Filter>
    </ClInclude>
    <ClInclude Include="..\..\..\..\src\PluginAuto\Win\axmain.h">
      <Filter>WindowsATL</Filter>
    </ClInclude>
    <ClInclude Include="..\..\..\..\src\PluginAuto\Win\NpapiPluginWin.h">
      <Filter>Windows</Filter>
    </ClInclude>
    <ClInclude Include="..\..\..\..\src\PluginAuto\Win\PluginWindowlessWin.h">
      <Filter>Windows</Filter>
    </ClInclude>
    <ClInclude Include="..\..\..\..\src\PluginAuto\Win\PluginWindowWin.h">
      <Filter>Windows</Filter>
    </ClInclude>
    <ClInclude Include="..\gen\FireBreathWin.tlb" />
    <ClInclude Include="..\gen\FireBreathWin_i.h">
      <Filter>Header Files</Filter>
    </ClInclude>
    <ClInclude Include="..\..\..\..\src\PluginAuto\Mac\NpapiPluginMac.h">
      <Filter>Mac</Filter>
    </ClInclude>
    <ClInclude Include="..\..\..\..\src\PluginAuto\Mac\PluginEventMac.h">
      <Filter>Mac</Filter>
    </ClInclude>
    <ClInclude Include="..\..\..\..\src\PluginAuto\Mac\PluginWindowMac.h">
      <Filter>Mac</Filter>
    </ClInclude>
    <ClInclude Include="..\..\..\..\src\PluginAuto\Mac\FactoryDummiesMac.cpp">
      <Filter>Mac</Filter>
    </ClInclude>
    <ClInclude Include="..\..\..\..\src\PluginAuto\Mac\PluginEventMac.cpp">
      <Filter>Mac</Filter>
    </ClInclude>
    <ClInclude Include="..\..\..\..\src\PluginAuto\Mac\NpapiPluginMac.mm">
      <Filter>Mac</Filter>
    </ClInclude>
    <ClInclude Include="..\..\..\..\src\PluginAuto\Mac\PluginWindowMac.mm">
      <Filter>Mac</Filter>
    </ClInclude>
    <ClInclude Include="..\..\..\..\src\PluginAuto\Mac\np_macmain.cpp">
      <Filter>Mac</Filter>
    </ClInclude>
    <ClInclude Include="..\..\..\..\src\PluginAuto\Mac\PluginWindowMacCG.h">
      <Filter>Mac</Filter>
    </ClInclude>
    <ClInclude Include="..\..\..\..\src\PluginAuto\Mac\PluginWindowMacCG.cpp">
      <Filter>Mac</Filter>
    </ClInclude>
    <ClInclude Include="..\..\..\..\src\PluginAuto\Mac\KeyCodesCarbon.h">
      <Filter>Mac</Filter>
    </ClInclude>
    <ClInclude Include="..\..\..\..\src\PluginAuto\Mac\PluginEventMacCarbon.h">
      <Filter>Mac</Filter>
    </ClInclude>
    <ClInclude Include="..\..\..\..\src\PluginAuto\Mac\PluginEventMacCarbon.mm">
      <Filter>Mac</Filter>
    </ClInclude>
    <ClInclude Include="..\..\..\..\src\PluginAuto\Mac\KeyCodesCarbon.cpp">
      <Filter>Mac</Filter>
    </ClInclude>
    <ClInclude Include="..\..\..\..\src\PluginAuto\Mac\PluginEventMacCarbon.cpp">
      <Filter>Mac</Filter>
    </ClInclude>
    <ClInclude Include="..\..\..\..\src\PluginAuto\Mac\KeyCodesCocoa.h">
      <Filter>Mac</Filter>
    </ClInclude>
    <ClInclude Include="..\..\..\..\src\PluginAuto\Mac\PluginEventMacCocoa.h">
      <Filter>Mac</Filter>
    </ClInclude>
    <ClInclude Include="..\..\..\..\src\PluginAuto\Mac\PluginEventMacCocoa.mm">
      <Filter>Mac</Filter>
    </ClInclude>
    <ClInclude Include="..\..\..\..\src\PluginAuto\Mac\KeyCodesCocoa.cpp">
      <Filter>Mac</Filter>
    </ClInclude>
    <ClInclude Include="..\..\..\..\src\PluginAuto\X11\KeyCodesX11.h">
      <Filter>X11</Filter>
    </ClInclude>
    <ClInclude Include="..\..\..\..\src\PluginAuto\X11\NpapiPluginX11.h">
      <Filter>X11</Filter>
    </ClInclude>
    <ClInclude Include="..\..\..\..\src\PluginAuto\X11\PluginWindowX11.h">
      <Filter>X11</Filter>
    </ClInclude>
    <ClInclude Include="..\..\..\..\src\PluginAuto\X11\WindowContextX11.h">
      <Filter>X11</Filter>
    </ClInclude>
    <ClInclude Include="..\..\..\..\src\PluginAuto\X11\KeyCodesX11.cpp">
      <Filter>X11</Filter>
    </ClInclude>
    <ClInclude Include="..\..\..\..\src\PluginAuto\X11\NpapiPluginX11.cpp">
      <Filter>X11</Filter>
    </ClInclude>
    <ClInclude Include="..\..\..\..\src\PluginAuto\X11\np_x11main.cpp">
      <Filter>X11</Filter>
    </ClInclude>
    <ClInclude Include="..\..\..\..\src\PluginAuto\X11\PluginWindowX11.cpp">
      <Filter>X11</Filter>
    </ClInclude>
  </ItemGroup>
  <ItemGroup>
    <CustomBuild Include="..\..\..\..\src\PluginAuto\CMakeLists.txt" />
    <CustomBuild Include="..\..\..\CMakeFiles\7a70db32145db18970b17dbee9174f09\FireBreathWin.tlb.rule">
      <Filter>CMake Rules</Filter>
    </CustomBuild>
  </ItemGroup>
  <ItemGroup>
    <None Include="..\..\..\..\src\PluginAuto\DONTTOUCHTHISPROJECT.txt" />
    <None Include="..\..\..\..\src\PluginAuto\README.txt" />
  </ItemGroup>
  <ItemGroup>
    <Filter Include="Source Files">
      <UniqueIdentifier>{964C809C-0F05-4434-8C46-4E0D7F9ACEA9}</UniqueIdentifier>
    </Filter>
    <Filter Include="Header Files">
      <UniqueIdentifier>{09881D82-5D48-450E-8522-FE7D267EBEFE}</UniqueIdentifier>
    </Filter>
    <Filter Include="CMake Rules">
      <UniqueIdentifier>{CA82F508-B6F3-4E34-9FA0-6667AD5A6449}</UniqueIdentifier>
    </Filter>
    <Filter Include="X11">
      <UniqueIdentifier>{4FA64D7A-3449-40D3-A403-2B15A4758122}</UniqueIdentifier>
    </Filter>
    <Filter Include="Windows">
      <UniqueIdentifier>{685A0623-50E8-4D3F-A5C0-AB0D0747FC84}</UniqueIdentifier>
    </Filter>
    <Filter Include="WindowsATL">
      <UniqueIdentifier>{0F675363-B970-4196-9797-8884455C9EB8}</UniqueIdentifier>
    </Filter>
    <Filter Include="Mac">
      <UniqueIdentifier>{0E3BBF11-0762-4CAD-B3ED-4A33B6765EC6}</UniqueIdentifier>
    </Filter>
  </ItemGroup>
</Project>
