<?xml version="1.0" encoding="utf-8"?>
<Project ToolsVersion="4.0" xmlns="http://schemas.microsoft.com/developer/msbuild/2003">
  <ItemGroup>
    <CustomBuild Include="..\..\tests\ScriptingCoreTest\CMakeLists.txt" />
    <CustomBuild Include="..\CMakeFiles\e02ee0e9b4e01bf3e3fca74d2e36ce23\ALL_BUILD.rule">
      <Filter>CMake Rules</Filter>
    </CustomBuild>
  </ItemGroup>
  <ItemGroup>
    <None Include="CMakeFiles\ALL_BUILD" />
  </ItemGroup>
  <ItemGroup>
    <Filter Include="CMake Rules">
      <UniqueIdentifier>{CA82F508-B6F3-4E34-9FA0-6667AD5A6449}</UniqueIdentifier>
    </Filter>
  </ItemGroup>
</Project>
