<?xml version="1.0" encoding="utf-8"?>
<Project ToolsVersion="4.0" xmlns="http://schemas.microsoft.com/developer/msbuild/2003">
  <ItemGroup>
    <ClCompile Include="..\..\tests\ScriptingCoreTest\ScriptingCoreTest.cpp">
      <Filter>Source Files</Filter>
    </ClCompile>
    <ClCompile Include="..\..\src\PluginAuto\null\NullLogger.cpp">
      <Filter>Source Files</Filter>
    </ClCompile>
  </ItemGroup>
  <ItemGroup>
    <ClInclude Include="..\..\tests\ScriptingCoreTest\fake_jsarray.h">
      <Filter>Header Files</Filter>
    </ClInclude>
    <ClInclude Include="..\..\tests\ScriptingCoreTest\fake_jsmap.h">
      <Filter>Header Files</Filter>
    </ClInclude>
    <ClInclude Include="..\..\tests\ScriptingCoreTest\jsapiauto_test.h">
      <Filter>Header Files</Filter>
    </ClInclude>
    <ClInclude Include="..\..\tests\ScriptingCoreTest\jsapi_test.h">
      <Filter>Header Files</Filter>
    </ClInclude>
    <ClInclude Include="..\..\tests\ScriptingCoreTest\jsarray_test.h">
      <Filter>Header Files</Filter>
    </ClInclude>
    <ClInclude Include="..\..\tests\ScriptingCoreTest\jscallback_test.h">
      <Filter>Header Files</Filter>
    </ClInclude>
    <ClInclude Include="..\..\tests\ScriptingCoreTest\meta_test.h">
      <Filter>Header Files</Filter>
    </ClInclude>
    <ClInclude Include="..\..\tests\ScriptingCoreTest\TestJSAPIAuto.h">
      <Filter>Header Files</Filter>
    </ClInclude>
    <ClInclude Include="..\..\tests\ScriptingCoreTest\TypeIDMap_test.h">
      <Filter>Header Files</Filter>
    </ClInclude>
    <ClInclude Include="..\..\tests\ScriptingCoreTest\variant_list_test.h">
      <Filter>Header Files</Filter>
    </ClInclude>
    <ClInclude Include="..\..\tests\ScriptingCoreTest\variant_map_test.h">
      <Filter>Header Files</Filter>
    </ClInclude>
    <ClInclude Include="..\..\tests\ScriptingCoreTest\variant_test.h">
      <Filter>Header Files</Filter>
    </ClInclude>
  </ItemGroup>
  <ItemGroup>
    <CustomBuild Include="..\..\tests\ScriptingCoreTest\CMakeLists.txt" />
  </ItemGroup>
  <ItemGroup>
    <Filter Include="Source Files">
      <UniqueIdentifier>{964C809C-0F05-4434-8C46-4E0D7F9ACEA9}</UniqueIdentifier>
    </Filter>
    <Filter Include="Header Files">
      <UniqueIdentifier>{09881D82-5D48-450E-8522-FE7D267EBEFE}</UniqueIdentifier>
    </Filter>
  </ItemGroup>
</Project>
