<?xml version="1.0" encoding="utf-8"?>
<Project ToolsVersion="4.0" xmlns="http://schemas.microsoft.com/developer/msbuild/2003">
  <ItemGroup>
    <ClCompile Include="..\..\..\projects\ieview\Factory.cpp">
      <Filter>Source Files</Filter>
    </ClCompile>
    <ClCompile Include="..\..\..\projects\ieview\ieview.cpp">
      <Filter>Source Files</Filter>
    </ClCompile>
    <ClCompile Include="..\..\..\projects\ieview\ieviewAPI.cpp">
      <Filter>Source Files</Filter>
    </ClCompile>
  </ItemGroup>
  <ItemGroup>
    <ClInclude Include="..\..\..\projects\ieview\ieview.h">
      <Filter>Header Files</Filter>
    </ClInclude>
    <ClInclude Include="..\..\..\projects\ieview\ieviewAPI.h">
      <Filter>Header Files</Filter>
    </ClInclude>
    <ClInclude Include="gen\rcgen.sh.in">
      <Filter>Generated</Filter>
    </ClInclude>
    <ClInclude Include="gen\global\axplugin_defs.h">
      <Filter>Generated</Filter>
    </ClInclude>
    <ClInclude Include="gen\global\COM_config.h">
      <Filter>Generated</Filter>
    </ClInclude>
    <ClInclude Include="gen\global\config.h">
      <Filter>Generated</Filter>
    </ClInclude>
    <ClInclude Include="gen\global\resource.h">
      <Filter>Generated</Filter>
    </ClInclude>
  </ItemGroup>
  <ItemGroup>
    <CustomBuild Include="..\..\..\projects\ieview\CMakeLists.txt" />
  </ItemGroup>
  <ItemGroup>
    <None Include="..\..\..\projects\ieview\PluginConfig.cmake" />
    <None Include="gen\ExportList_plugin.txt">
      <Filter>Generated</Filter>
    </None>
    <None Include="gen\FBControl.htm">
      <Filter>Generated</Filter>
    </None>
    <None Include="gen\FBControl.rgs">
      <Filter>Generated</Filter>
    </None>
    <None Include="gen\FireBreathWin.rgs">
      <Filter>Generated</Filter>
    </None>
    <None Include="gen\global">
      <Filter>Generated</Filter>
    </None>
    <None Include="gen\README.txt">
      <Filter>Generated</Filter>
    </None>
    <None Include="gen\version_script.txt">
      <Filter>Generated</Filter>
    </None>
    <None Include="gen\global\axplugin_defs.inc">
      <Filter>Generated</Filter>
    </None>
    <None Include="..\..\..\projects\ieview\Win\projectDef.cmake">
      <Filter>Win</Filter>
    </None>
  </ItemGroup>
  <ItemGroup>
    <ResourceCompile Include="gen\firebreathWin.rc">
      <Filter>Generated</Filter>
    </ResourceCompile>
  </ItemGroup>
  <ItemGroup>
    <Filter Include="Source Files">
      <UniqueIdentifier>{964C809C-0F05-4434-8C46-4E0D7F9ACEA9}</UniqueIdentifier>
    </Filter>
    <Filter Include="Header Files">
      <UniqueIdentifier>{09881D82-5D48-450E-8522-FE7D267EBEFE}</UniqueIdentifier>
    </Filter>
    <Filter Include="Generated">
      <UniqueIdentifier>{195F020F-FE43-4383-AF60-E6BD9818FC9D}</UniqueIdentifier>
    </Filter>
    <Filter Include="Win">
      <UniqueIdentifier>{F8C0B5C2-7D76-44F3-9813-46FCF20E99F8}</UniqueIdentifier>
    </Filter>
  </ItemGroup>
</Project>
